// !$*UTF8*$!
{
	archiveVersion = 1;
	classes = {
	};
	objectVersion = 50;
	objects = {

/* Begin PBXBuildFile section */
		87E1E38F24934E1300612900 /* Temp22.m in Sources */ = {isa = PBXBuildFile; fileRef = 87E1E38E24934E1300612900 /* Temp22.m */; };
		87F05599247668E700D11146 /* AppDelegate.m in Sources */ = {isa = PBXBuildFile; fileRef = 87F05598247668E700D11146 /* AppDelegate.m */; };
		87F0559F247668E700D11146 /* ViewController.m in Sources */ = {isa = PBXBuildFile; fileRef = 87F0559E247668E700D11146 /* ViewController.m */; };
		87F055A2247668E700D11146 /* Main.storyboard in Resources */ = {isa = PBXBuildFile; fileRef = 87F055A0247668E700D11146 /* Main.storyboard */; };
		87F055A5247668E700D11146 /* demo.xcdatamodeld in Sources */ = {isa = PBXBuildFile; fileRef = 87F055A3247668E700D11146 /* demo.xcdatamodeld */; };
		87F055A7247668E900D11146 /* Assets.xcassets in Resources */ = {isa = PBXBuildFile; fileRef = 87F055A6247668E900D11146 /* Assets.xcassets */; };
		87F055AA247668EA00D11146 /* LaunchScreen.storyboard in Resources */ = {isa = PBXBuildFile; fileRef = 87F055A8247668E900D11146 /* LaunchScreen.storyboard */; };
		87F055AD247668EA00D11146 /* main.m in Sources */ = {isa = PBXBuildFile; fileRef = 87F055AC247668EA00D11146 /* main.m */; };
		87F055B9247669C600D11146 /* demoSDK.framework in Frameworks */ = {isa = PBXBuildFile; fileRef = 87F055B8247669C600D11146 /* demoSDK.framework */; };
/* End PBXBuildFile section */

/* Begin PBXFileReference section */
		87E1E38D24934E1300612900 /* Temp22.h */ = {isa = PBXFileReference; lastKnownFileType = sourcecode.c.h; path = Temp22.h; sourceTree = "<group>"; };
		87E1E38E24934E1300612900 /* Temp22.m */ = {isa = PBXFileReference; lastKnownFileType = sourcecode.c.objc; path = Temp22.m; sourceTree = "<group>"; };
		87F05594247668E700D11146 /* demo.app */ = {isa = PBXFileReference; explicitFileType = wrapper.application; includeInIndex = 0; path = demo.app; sourceTree = BUILT_PRODUCTS_DIR; };
		87F05597247668E700D11146 /* AppDelegate.h */ = {isa = PBXFileReference; lastKnownFileType = sourcecode.c.h; path = AppDelegate.h; sourceTree = "<group>"; };
		87F05598247668E700D11146 /* AppDelegate.m */ = {isa = PBXFileReference; lastKnownFileType = sourcecode.c.objc; path = AppDelegate.m; sourceTree = "<group>"; };
		87F0559D247668E700D11146 /* ViewController.h */ = {isa = PBXFileReference; lastKnownFileType = sourcecode.c.h; path = ViewController.h; sourceTree = "<group>"; };
		87F0559E247668E700D11146 /* ViewController.m */ = {isa = PBXFileReference; lastKnownFileType = sourcecode.c.objc; path = ViewController.m; sourceTree = "<group>"; };
		87F055A1247668E700D11146 /* Base */ = {isa = PBXFileReference; lastKnownFileType = file.storyboard; name = Base; path = Base.lproj/Main.storyboard; sourceTree = "<group>"; };
		87F055A4247668E700D11146 /* demo.xcdatamodel */ = {isa = PBXFileReference; lastKnownFileType = wrapper.xcdatamodel; path = demo.xcdatamodel; sourceTree = "<group>"; };
		87F055A6247668E900D11146 /* Assets.xcassets */ = {isa = PBXFileReference; lastKnownFileType = folder.assetcatalog; path = Assets.xcassets; sourceTree = "<group>"; };
		87F055A9247668E900D11146 /* Base */ = {isa = PBXFileReference; lastKnownFileType = file.storyboard; name = Base; path = Base.lproj/LaunchScreen.storyboard; sourceTree = "<group>"; };
		87F055AB247668EA00D11146 /* Info.plist */ = {isa = PBXFileReference; lastKnownFileType = text.plist.xml; path = Info.plist; sourceTree = "<group>"; };
		87F055AC247668EA00D11146 /* main.m */ = {isa = PBXFileReference; lastKnownFileType = sourcecode.c.objc; path = main.m; sourceTree = "<group>"; };
		87F055B8247669C600D11146 /* demoSDK.framework */ = {isa = PBXFileReference; explicitFileType = wrapper.framework; path = demoSDK.framework; sourceTree = BUILT_PRODUCTS_DIR; };
/* End PBXFileReference section */

/* Begin PBXFrameworksBuildPhase section */
		87F05591247668E700D11146 /* Frameworks */ = {
			isa = PBXFrameworksBuildPhase;
			buildActionMask = 2147483647;
			files = (
				87F055B9247669C600D11146 /* demoSDK.framework in Frameworks */,
			);
			runOnlyForDeploymentPostprocessing = 0;
		};
/* End PBXFrameworksBuildPhase section */

/* Begin PBXGroup section */
		87F0558B247668E700D11146 = {
			isa = PBXGroup;
			children = (
				87F05596247668E700D11146 /* demo */,
				87F05595247668E700D11146 /* Products */,
				87F055B7247669C600D11146 /* Frameworks */,
			);
			sourceTree = "<group>";
		};
		87F05595247668E700D11146 /* Products */ = {
			isa = PBXGroup;
			children = (
				87F05594247668E700D11146 /* demo.app */,
			);
			name = Products;
			sourceTree = "<group>";
		};
		87F05596247668E700D11146 /* demo */ = {
			isa = PBXGroup;
			children = (
				87F05597247668E700D11146 /* AppDelegate.h */,
				87F05598247668E700D11146 /* AppDelegate.m */,
				87F0559D247668E700D11146 /* ViewController.h */,
				87F0559E247668E700D11146 /* ViewController.m */,
				87E1E38D24934E1300612900 /* Temp22.h */,
				87E1E38E24934E1300612900 /* Temp22.m */,
				87F055A0247668E700D11146 /* Main.storyboard */,
				87F055A6247668E900D11146 /* Assets.xcassets */,
				87F055A8247668E900D11146 /* LaunchScreen.storyboard */,
				87F055AB247668EA00D11146 /* Info.plist */,
				87F055AC247668EA00D11146 /* main.m */,
				87F055A3247668E700D11146 /* demo.xcdatamodeld */,
			);
			path = demo;
			sourceTree = "<group>";
		};
		87F055B7247669C600D11146 /* Frameworks */ = {
			isa = PBXGroup;
			children = (
				87F055B8247669C600D11146 /* demoSDK.framework */,
			);
			name = Frameworks;
			sourceTree = "<group>";
		};
/* End PBXGroup section */

/* Begin PBXNativeTarget section */
		87F05593247668E700D11146 /* demo */ = {
			isa = PBXNativeTarget;
			buildConfigurationList = 87F055B0247668EA00D11146 /* Build configuration list for PBXNativeTarget "demo" */;
			buildPhases = (
				87F05590247668E700D11146 /* Sources */,
				87F05591247668E700D11146 /* Frameworks */,
				87F05592247668E700D11146 /* Resources */,
				87F055BE24766B7200D11146 /* ShellScript */,
			);
			buildRules = (
			);
			dependencies = (
			);
			name = demo;
			productName = demo;
			productReference = 87F05594247668E700D11146 /* demo.app */;
			productType = "com.apple.product-type.application";
		};
/* End PBXNativeTarget section */

/* Begin PBXProject section */
		87F0558C247668E700D11146 /* Project object */ = {
			isa = PBXProject;
			attributes = {
				LastUpgradeCheck = 1140;
				ORGANIZATIONNAME = shujin;
				TargetAttributes = {
					87F05593247668E700D11146 = {
						CreatedOnToolsVersion = 11.4;
					};
				};
			};
			buildConfigurationList = 87F0558F247668E700D11146 /* Build configuration list for PBXProject "demo" */;
			compatibilityVersion = "Xcode 9.3";
			developmentRegion = en;
			hasScannedForEncodings = 0;
			knownRegions = (
				en,
				Base,
			);
			mainGroup = 87F0558B247668E700D11146;
			productRefGroup = 87F05595247668E700D11146 /* Products */;
			projectDirPath = "";
			projectRoot = "";
			targets = (
				87F05593247668E700D11146 /* demo */,
			);
		};
/* End PBXProject section */

/* Begin PBXResourcesBuildPhase section */
		87F05592247668E700D11146 /* Resources */ = {
			isa = PBXResourcesBuildPhase;
			buildActionMask = 2147483647;
			files = (
				87F055AA247668EA00D11146 /* LaunchScreen.storyboard in Resources */,
				87F055A7247668E900D11146 /* Assets.xcassets in Resources */,
				87F055A2247668E700D11146 /* Main.storyboard in Resources */,
			);
			runOnlyForDeploymentPostprocessing = 0;
		};
/* End PBXResourcesBuildPhase section */

/* Begin PBXShellScriptBuildPhase section */
		87F055BE24766B7200D11146 /* ShellScript */ = {
			isa = PBXShellScriptBuildPhase;
			buildActionMask = 2147483647;
			files = (
			);
			inputFileListPaths = (
			);
			inputPaths = (
			);
			outputFileListPaths = (
			);
			outputPaths = (
			);
			runOnlyForDeploymentPostprocessing = 0;
			shellPath = /bin/sh;
			shellScript = "# Type a script or drag a script file from your workspace to insert its path.\nSJVideoMeetingSDKPATH=\"${PROJECT_DIR}/LMSDK\"\necho ${SJVideoMeetingSDKPATH} # \n\nrm -rf \"${SJVideoMeetingSDKPATH}/LemonLiveSDK.framework\"\n# cp -R  \"${CONFIGURATION_BUILD_DIR}/LemonLiveSDK.framework\" \"$SJVideoMeetingSDKPATH\"\n\n\n";
		};
/* End PBXShellScriptBuildPhase section */

/* Begin PBXSourcesBuildPhase section */
		87F05590247668E700D11146 /* Sources */ = {
			isa = PBXSourcesBuildPhase;
			buildActionMask = 2147483647;
			files = (
				87F055AD247668EA00D11146 /* main.m in Sources */,
				87E1E38F24934E1300612900 /* Temp22.m in Sources */,
				87F0559F247668E700D11146 /* ViewController.m in Sources */,
				87F05599247668E700D11146 /* AppDelegate.m in Sources */,
				87F055A5247668E700D11146 /* demo.xcdatamodeld in Sources */,
			);
			runOnlyForDeploymentPostprocessing = 0;
		};
/* End PBXSourcesBuildPhase section */

/* Begin PBXVariantGroup section */
		87F055A0247668E700D11146 /* Main.storyboard */ = {
			isa = PBXVariantGroup;
			children = (
				87F055A1247668E700D11146 /* Base */,
			);
			name = Main.storyboard;
			sourceTree = "<group>";
		};
		87F055A8247668E900D11146 /* LaunchScreen.storyboard */ = {
			isa = PBXVariantGroup;
			children = (
				87F055A9247668E900D11146 /* Base */,
			);
			name = LaunchScreen.storyboard;
			sourceTree = "<group>";
		};
/* End PBXVariantGroup section */

/* Begin XCBuildConfiguration section */
		87F055AE247668EA00D11146 /* Debug */ = {
			isa = XCBuildConfiguration;
			buildSettings = {
				ALWAYS_SEARCH_USER_PATHS = NO;
				CLANG_ANALYZER_NONNULL = YES;
				CLANG_ANALYZER_NUMBER_OBJECT_CONVERSION = YES_AGGRESSIVE;
				CLANG_CXX_LANGUAGE_STANDARD = "gnu++14";
				CLANG_CXX_LIBRARY = "libc++";
				CLANG_ENABLE_MODULES = YES;
				CLANG_ENABLE_OBJC_ARC = YES;
				CLANG_ENABLE_OBJC_WEAK = YES;
				CLANG_WARN_BLOCK_CAPTURE_AUTORELEASING = YES;
				CLANG_WARN_BOOL_CONVERSION = YES;
				CLANG_WARN_COMMA = YES;
				CLANG_WARN_CONSTANT_CONVERSION = YES;
				CLANG_WARN_DEPRECATED_OBJC_IMPLEMENTATIONS = YES;
				CLANG_WARN_DIRECT_OBJC_ISA_USAGE = YES_ERROR;
				CLANG_WARN_DOCUMENTATION_COMMENTS = YES;
				CLANG_WARN_EMPTY_BODY = YES;
				CLANG_WARN_ENUM_CONVERSION = YES;
				CLANG_WARN_INFINITE_RECURSION = YES;
				CLANG_WARN_INT_CONVERSION = YES;
				CLANG_WARN_NON_LITERAL_NULL_CONVERSION = YES;
				CLANG_WARN_OBJC_IMPLICIT_RETAIN_SELF = YES;
				CLANG_WARN_OBJC_LITERAL_CONVERSION = YES;
				CLANG_WARN_OBJC_ROOT_CLASS = YES_ERROR;
				CLANG_WARN_RANGE_LOOP_ANALYSIS = YES;
				CLANG_WARN_STRICT_PROTOTYPES = YES;
				CLANG_WARN_SUSPICIOUS_MOVE = YES;
				CLANG_WARN_UNGUARDED_AVAILABILITY = YES_AGGRESSIVE;
				CLANG_WARN_UNREACHABLE_CODE = YES;
				CLANG_WARN__DUPLICATE_METHOD_MATCH = YES;
				COPY_PHASE_STRIP = NO;
				DEBUG_INFORMATION_FORMAT = dwarf;
				ENABLE_STRICT_OBJC_MSGSEND = YES;
				ENABLE_TESTABILITY = YES;
				GCC_C_LANGUAGE_STANDARD = gnu11;
				GCC_DYNAMIC_NO_PIC = NO;
				GCC_NO_COMMON_BLOCKS = YES;
				GCC_OPTIMIZATION_LEVEL = 0;
				GCC_PREPROCESSOR_DEFINITIONS = (
					"DEBUG=1",
					"$(inherited)",
				);
				GCC_WARN_64_TO_32_BIT_CONVERSION = YES;
				GCC_WARN_ABOUT_RETURN_TYPE = YES_ERROR;
				GCC_WARN_UNDECLARED_SELECTOR = YES;
				GCC_WARN_UNINITIALIZED_AUTOS = YES_AGGRESSIVE;
				GCC_WARN_UNUSED_FUNCTION = YES;
				GCC_WARN_UNUSED_VARIABLE = YES;
				IPHONEOS_DEPLOYMENT_TARGET = 13.4;
				MTL_ENABLE_DEBUG_INFO = INCLUDE_SOURCE;
				MTL_FAST_MATH = YES;
				ONLY_ACTIVE_ARCH = YES;
				SDKROOT = iphoneos;
			};
			name = Debug;
		};
		87F055AF247668EA00D11146 /* Release */ = {
			isa = XCBuildConfiguration;
			buildSettings = {
				ALWAYS_SEARCH_USER_PATHS = NO;
				CLANG_ANALYZER_NONNULL = YES;
				CLANG_ANALYZER_NUMBER_OBJECT_CONVERSION = YES_AGGRESSIVE;
				CLANG_CXX_LANGUAGE_STANDARD = "gnu++14";
				CLANG_CXX_LIBRARY = "libc++";
				CLANG_ENABLE_MODULES = YES;
				CLANG_ENABLE_OBJC_ARC = YES;
				CLANG_ENABLE_OBJC_WEAK = YES;
				CLANG_WARN_BLOCK_CAPTURE_AUTORELEASING = YES;
				CLANG_WARN_BOOL_CONVERSION = YES;
				CLANG_WARN_COMMA = YES;
				CLANG_WARN_CONSTANT_CONVERSION = YES;
				CLANG_WARN_DEPRECATED_OBJC_IMPLEMENTATIONS = YES;
				CLANG_WARN_DIRECT_OBJC_ISA_USAGE = YES_ERROR;
				CLANG_WARN_DOCUMENTATION_COMMENTS = YES;
				CLANG_WARN_EMPTY_BODY = YES;
				CLANG_WARN_ENUM_CONVERSION = YES;
				CLANG_WARN_INFINITE_RECURSION = YES;
				CLANG_WARN_INT_CONVERSION = YES;
				CLANG_WARN_NON_LITERAL_NULL_CONVERSION = YES;
				CLANG_WARN_OBJC_IMPLICIT_RETAIN_SELF = YES;
				CLANG_WARN_OBJC_LITERAL_CONVERSION = YES;
				CLANG_WARN_OBJC_ROOT_CLASS = YES_ERROR;
				CLANG_WARN_RANGE_LOOP_ANALYSIS = YES;
				CLANG_WARN_STRICT_PROTOTYPES = YES;
				CLANG_WARN_SUSPICIOUS_MOVE = YES;
				CLANG_WARN_UNGUARDED_AVAILABILITY = YES_AGGRESSIVE;
				CLANG_WARN_UNREACHABLE_CODE = YES;
				CLANG_WARN__DUPLICATE_METHOD_MATCH = YES;
				COPY_PHASE_STRIP = NO;
				DEBUG_INFORMATION_FORMAT = "dwarf-with-dsym";
				ENABLE_NS_ASSERTIONS = NO;
				ENABLE_STRICT_OBJC_MSGSEND = YES;
				GCC_C_LANGUAGE_STANDARD = gnu11;
				GCC_NO_COMMON_BLOCKS = YES;
				GCC_WARN_64_TO_32_BIT_CONVERSION = YES;
				GCC_WARN_ABOUT_RETURN_TYPE = YES_ERROR;
				GCC_WARN_UNDECLARED_SELECTOR = YES;
				GCC_WARN_UNINITIALIZED_AUTOS = YES_AGGRESSIVE;
				GCC_WARN_UNUSED_FUNCTION = YES;
				GCC_WARN_UNUSED_VARIABLE = YES;
				IPHONEOS_DEPLOYMENT_TARGET = 13.4;
				MTL_ENABLE_DEBUG_INFO = NO;
				MTL_FAST_MATH = YES;
				SDKROOT = iphoneos;
				VALIDATE_PRODUCT = YES;
			};
			name = Release;
		};
		87F055B1247668EA00D11146 /* Debug */ = {
			isa = XCBuildConfiguration;
			buildSettings = {
				ASSETCATALOG_COMPILER_APPICON_NAME = AppIcon;
				CODE_SIGN_STYLE = Automatic;
				DEVELOPMENT_TEAM = GY8Q68H3BB;
				INFOPLIST_FILE = demo/Info.plist;
				IPHONEOS_DEPLOYMENT_TARGET = 9.0;
				LD_RUNPATH_SEARCH_PATHS = (
					"$(inherited)",
					"@executable_path/Frameworks",
				);
				PRODUCT_BUNDLE_IDENTIFIER = com.a.www.demo;
				PRODUCT_NAME = "$(TARGET_NAME)";
				TARGETED_DEVICE_FAMILY = "1,2";
			};
			name = Debug;
		};
		87F055B2247668EA00D11146 /* Release */ = {
			isa = XCBuildConfiguration;
			buildSettings = {
				ASSETCATALOG_COMPILER_APPICON_NAME = AppIcon;
				CODE_SIGN_STYLE = Automatic;
				DEVELOPMENT_TEAM = GY8Q68H3BB;
				INFOPLIST_FILE = demo/Info.plist;
				IPHONEOS_DEPLOYMENT_TARGET = 9.0;
				LD_RUNPATH_SEARCH_PATHS = (
					"$(inherited)",
					"@executable_path/Frameworks",
				);
				PRODUCT_BUNDLE_IDENTIFIER = com.a.www.demo;
				PRODUCT_NAME = "$(TARGET_NAME)";
				TARGETED_DEVICE_FAMILY = "1,2";
			};
			name = Release;
		};
/* End XCBuildConfiguration section */

/* Begin XCConfigurationList section */
		87F0558F247668E700D11146 /* Build configuration list for PBXProject "demo" */ = {
			isa = XCConfigurationList;
			buildConfigurations = (
				87F055AE247668EA00D11146 /* Debug */,
				87F055AF247668EA00D11146 /* Release */,
			);
			defaultConfigurationIsVisible = 0;
			defaultConfigurationName = Release;
		};
		87F055B0247668EA00D11146 /* Build configuration list for PBXNativeTarget "demo" */ = {
			isa = XCConfigurationList;
			buildConfigurations = (
				87F055B1247668EA00D11146 /* Debug */,
				87F055B2247668EA00D11146 /* Release */,
			);
			defaultConfigurationIsVisible = 0;
			defaultConfigurationName = Release;
		};
/* End XCConfigurationList section */

/* Begin XCVersionGroup section */
		87F055A3247668E700D11146 /* demo.xcdatamodeld */ = {
			isa = XCVersionGroup;
			children = (
				87F055A4247668E700D11146 /* demo.xcdatamodel */,
			);
			currentVersion = 87F055A4247668E700D11146 /* demo.xcdatamodel */;
			path = demo.xcdatamodeld;
			sourceTree = "<group>";
			versionGroupType = wrapper.xcdatamodel;
		};
/* End XCVersionGroup section */
	};
	rootObject = 87F0558C247668E700D11146 /* Project object */;
}
